# This file was autogenerated by Stack.
# You should not edit this file by hand.
# For more information, please see the documentation at:
#   https://docs.haskellstack.org/en/stable/lock_files

packages:
- completed:
    hackage: hjson-1.3.2@sha256:3f8d4a582efbbd4265ab6035a71efa13aa3fc85e71e556c5613e5c9da0e8e325,456
    pantry-tree:
      size: 263
      sha256: c3770f03b0e996351d00de8b5ec156fd0809aae0708374cb2564dbf36d556da4
  original:
    hackage: hjson-1.3.2
- completed:
    hackage: hjpath-3.0.1@sha256:3e53da08892308b1ff0622ca7ac9fc0084346ecd891e10b78df7fda20da10f9e,527
    pantry-tree:
      size: 208
      sha256: 8dbe34a0810318cf4a81018d3c291d13ed254579170111b72ff377d15fe9586b
  original:
    hackage: hjpath-3.0.1
snapshots:
- completed:
    size: 523443
    url: https://raw.githubusercontent.com/commercialhaskell/stackage-snapshots/master/lts/14/0.yaml
    sha256: 283773e7120f5446d961eab35ea95c9af9c24187cc178537bd29273200a05171
  original: lts-14.0
